
Microsoft Visual Studio Solution File, Format Version 12.00
# Visual Studio Version 16
VisualStudioVersion = 16.0.33529.622
MinimumVisualStudioVersion = 10.0.40219.1
Project("{FAE04EC0-301F-11D3-BF4B-00C04F79EFBC}") = "MovieList", "MovieList\MovieList.csproj", "{B18B6904-2344-415C-9B09-E9C7B861F74F}"
EndProject
Global
	GlobalSection(SolutionConfigurationPlatforms) = preSolution
		Debug|Any CPU = Debug|Any CPU
		Release|Any CPU = Release|Any CPU
	EndGlobalSection
	GlobalSection(ProjectConfigurationPlatforms) = postSolution
		{B18B6904-2344-415C-9B09-E9C7B861F74F}.Debug|Any CPU.ActiveCfg = Debug|Any CPU
		{B18B6904-2344-415C-9B09-E9C7B861F74F}.Debug|Any CPU.Build.0 = Debug|Any CPU
		{B18B6904-2344-415C-9B09-E9C7B861F74F}.Release|Any CPU.ActiveCfg = Release|Any CPU
		{B18B6904-2344-415C-9B09-E9C7B861F74F}.Release|Any CPU.Build.0 = Release|Any CPU
	EndGlobalSection
	GlobalSection(SolutionProperties) = preSolution
		HideSolutionNode = FALSE
	EndGlobalSection
	GlobalSection(ExtensibilityGlobals) = postSolution
		SolutionGuid = {FCCAD828-0602-403B-B064-A1ABABFCB907}
	EndGlobalSection
EndGlobal
